
Microsoft Visual Studio Solution File, Format Version 12.00
# Visual Studio Version 17
VisualStudioVersion = 17.7.34009.444
MinimumVisualStudioVersion = 10.0.40219.1
Project("{FAE04EC0-301F-11D3-BF4B-00C04F79EFBC}") = "SnitchCommon", "SnitchCommon\SnitchCommon.csproj", "{540D3FB9-3487-44B2-88D4-7A99AE5E37EF}"
EndProject
Project("{FAE04EC0-301F-11D3-BF4B-00C04F79EFBC}") = "SnitchIFC", "SnitchIFC\SnitchIFC.csproj", "{E10C6534-D820-48D8-AFF6-31D480D53DE2}"
EndProject
Project("{9A19103F-16F7-4668-BE54-9A1E7A4F7556}") = "MasterSnitchPlugin", "MasterSnitchPlugin\MasterSnitchPlugin.csproj", "{FCB22142-C2DB-439D-807F-10C9701F2DBA}"
	ProjectSection(ProjectDependencies) = postProject
		{A33BFC09-C578-490D-A8EC-A40852D87E1B} = {A33BFC09-C578-490D-A8EC-A40852D87E1B}
	EndProjectSection
EndProject
Project("{FAE04EC0-301F-11D3-BF4B-00C04F79EFBC}") = "SnitchDatabaseV2", "SnitchDatabaseV2\SnitchDatabaseV2.csproj", "{A1BDFBE9-BBBD-47EB-9F74-3A0FFF9EB0E7}"
EndProject
Project("{9A19103F-16F7-4668-BE54-9A1E7A4F7556}") = "CheckTool", "CheckTool\CheckTool.csproj", "{B1F307E5-60A1-4218-9A08-E7DF54BE7036}"
EndProject
Project("{FAE04EC0-301F-11D3-BF4B-00C04F79EFBC}") = "CO2Common", "CO2Common\CO2Common.csproj", "{86F07DCF-F637-494D-8FC0-6D425AA0B321}"
EndProject
Project("{9A19103F-16F7-4668-BE54-9A1E7A4F7556}") = "UploadToDB", "UploadToDB\UploadToDB.csproj", "{A33BFC09-C578-490D-A8EC-A40852D87E1B}"
	ProjectSection(ProjectDependencies) = postProject
		{A1BDFBE9-BBBD-47EB-9F74-3A0FFF9EB0E7} = {A1BDFBE9-BBBD-47EB-9F74-3A0FFF9EB0E7}
	EndProjectSection
EndProject
Project("{FAE04EC0-301F-11D3-BF4B-00C04F79EFBC}") = "MasterSnitchTool", "MasterSnitchTool\MasterSnitchTool.csproj", "{14C7D1B7-C981-4226-B625-A3D135195542}"
EndProject
Global
	GlobalSection(SolutionConfigurationPlatforms) = preSolution
		Debug|Any CPU = Debug|Any CPU
		Debug|arm64 = Debug|arm64
		Debug|x86 = Debug|x86
		Release|Any CPU = Release|Any CPU
		Release|arm64 = Release|arm64
		Release|x86 = Release|x86
	EndGlobalSection
	GlobalSection(ProjectConfigurationPlatforms) = postSolution
		{540D3FB9-3487-44B2-88D4-7A99AE5E37EF}.Debug|Any CPU.ActiveCfg = Debug|Any CPU
		{540D3FB9-3487-44B2-88D4-7A99AE5E37EF}.Debug|Any CPU.Build.0 = Debug|Any CPU
		{540D3FB9-3487-44B2-88D4-7A99AE5E37EF}.Debug|arm64.ActiveCfg = Debug|arm64
		{540D3FB9-3487-44B2-88D4-7A99AE5E37EF}.Debug|arm64.Build.0 = Debug|arm64
		{540D3FB9-3487-44B2-88D4-7A99AE5E37EF}.Debug|x86.ActiveCfg = Debug|x86
		{540D3FB9-3487-44B2-88D4-7A99AE5E37EF}.Debug|x86.Build.0 = Debug|x86
		{540D3FB9-3487-44B2-88D4-7A99AE5E37EF}.Release|Any CPU.ActiveCfg = Release|Any CPU
		{540D3FB9-3487-44B2-88D4-7A99AE5E37EF}.Release|Any CPU.Build.0 = Release|Any CPU
		{540D3FB9-3487-44B2-88D4-7A99AE5E37EF}.Release|arm64.ActiveCfg = Release|arm64
		{540D3FB9-3487-44B2-88D4-7A99AE5E37EF}.Release|arm64.Build.0 = Release|arm64
		{540D3FB9-3487-44B2-88D4-7A99AE5E37EF}.Release|x86.ActiveCfg = Release|x86
		{540D3FB9-3487-44B2-88D4-7A99AE5E37EF}.Release|x86.Build.0 = Release|x86
		{E10C6534-D820-48D8-AFF6-31D480D53DE2}.Debug|Any CPU.ActiveCfg = Debug|Any CPU
		{E10C6534-D820-48D8-AFF6-31D480D53DE2}.Debug|Any CPU.Build.0 = Debug|Any CPU
		{E10C6534-D820-48D8-AFF6-31D480D53DE2}.Debug|arm64.ActiveCfg = Debug|arm64
		{E10C6534-D820-48D8-AFF6-31D480D53DE2}.Debug|arm64.Build.0 = Debug|arm64
		{E10C6534-D820-48D8-AFF6-31D480D53DE2}.Debug|x86.ActiveCfg = Debug|x86
		{E10C6534-D820-48D8-AFF6-31D480D53DE2}.Debug|x86.Build.0 = Debug|x86
		{E10C6534-D820-48D8-AFF6-31D480D53DE2}.Release|Any CPU.ActiveCfg = Release|Any CPU
		{E10C6534-D820-48D8-AFF6-31D480D53DE2}.Release|Any CPU.Build.0 = Release|Any CPU
		{E10C6534-D820-48D8-AFF6-31D480D53DE2}.Release|arm64.ActiveCfg = Release|arm64
		{E10C6534-D820-48D8-AFF6-31D480D53DE2}.Release|arm64.Build.0 = Release|arm64
		{E10C6534-D820-48D8-AFF6-31D480D53DE2}.Release|x86.ActiveCfg = Release|x86
		{E10C6534-D820-48D8-AFF6-31D480D53DE2}.Release|x86.Build.0 = Release|x86
		{FCB22142-C2DB-439D-807F-10C9701F2DBA}.Debug|Any CPU.ActiveCfg = Debug|Any CPU
		{FCB22142-C2DB-439D-807F-10C9701F2DBA}.Debug|Any CPU.Build.0 = Debug|Any CPU
		{FCB22142-C2DB-439D-807F-10C9701F2DBA}.Debug|arm64.ActiveCfg = Debug|Any CPU
		{FCB22142-C2DB-439D-807F-10C9701F2DBA}.Debug|arm64.Build.0 = Debug|Any CPU
		{FCB22142-C2DB-439D-807F-10C9701F2DBA}.Debug|x86.ActiveCfg = Debug|Any CPU
		{FCB22142-C2DB-439D-807F-10C9701F2DBA}.Debug|x86.Build.0 = Debug|Any CPU
		{FCB22142-C2DB-439D-807F-10C9701F2DBA}.Release|Any CPU.ActiveCfg = Release|Any CPU
		{FCB22142-C2DB-439D-807F-10C9701F2DBA}.Release|Any CPU.Build.0 = Release|Any CPU
		{FCB22142-C2DB-439D-807F-10C9701F2DBA}.Release|arm64.ActiveCfg = Release|Any CPU
		{FCB22142-C2DB-439D-807F-10C9701F2DBA}.Release|arm64.Build.0 = Release|Any CPU
		{FCB22142-C2DB-439D-807F-10C9701F2DBA}.Release|x86.ActiveCfg = Release|Any CPU
		{FCB22142-C2DB-439D-807F-10C9701F2DBA}.Release|x86.Build.0 = Release|Any CPU
		{A1BDFBE9-BBBD-47EB-9F74-3A0FFF9EB0E7}.Debug|Any CPU.ActiveCfg = Debug|Any CPU
		{A1BDFBE9-BBBD-47EB-9F74-3A0FFF9EB0E7}.Debug|Any CPU.Build.0 = Debug|Any CPU
		{A1BDFBE9-BBBD-47EB-9F74-3A0FFF9EB0E7}.Debug|arm64.ActiveCfg = Debug|arm64
		{A1BDFBE9-BBBD-47EB-9F74-3A0FFF9EB0E7}.Debug|arm64.Build.0 = Debug|arm64
		{A1BDFBE9-BBBD-47EB-9F74-3A0FFF9EB0E7}.Debug|x86.ActiveCfg = Debug|x86
		{A1BDFBE9-BBBD-47EB-9F74-3A0FFF9EB0E7}.Debug|x86.Build.0 = Debug|x86
		{A1BDFBE9-BBBD-47EB-9F74-3A0FFF9EB0E7}.Release|Any CPU.ActiveCfg = Release|Any CPU
		{A1BDFBE9-BBBD-47EB-9F74-3A0FFF9EB0E7}.Release|Any CPU.Build.0 = Release|Any CPU
		{A1BDFBE9-BBBD-47EB-9F74-3A0FFF9EB0E7}.Release|arm64.ActiveCfg = Release|arm64
		{A1BDFBE9-BBBD-47EB-9F74-3A0FFF9EB0E7}.Release|arm64.Build.0 = Release|arm64
		{A1BDFBE9-BBBD-47EB-9F74-3A0FFF9EB0E7}.Release|x86.ActiveCfg = Release|x86
		{A1BDFBE9-BBBD-47EB-9F74-3A0FFF9EB0E7}.Release|x86.Build.0 = Release|x86
		{B1F307E5-60A1-4218-9A08-E7DF54BE7036}.Debug|Any CPU.ActiveCfg = Debug|Any CPU
		{B1F307E5-60A1-4218-9A08-E7DF54BE7036}.Debug|Any CPU.Build.0 = Debug|Any CPU
		{B1F307E5-60A1-4218-9A08-E7DF54BE7036}.Debug|arm64.ActiveCfg = Debug|Any CPU
		{B1F307E5-60A1-4218-9A08-E7DF54BE7036}.Debug|arm64.Build.0 = Debug|Any CPU
		{B1F307E5-60A1-4218-9A08-E7DF54BE7036}.Debug|x86.ActiveCfg = Debug|Any CPU
		{B1F307E5-60A1-4218-9A08-E7DF54BE7036}.Debug|x86.Build.0 = Debug|Any CPU
		{B1F307E5-60A1-4218-9A08-E7DF54BE7036}.Release|Any CPU.ActiveCfg = Release|Any CPU
		{B1F307E5-60A1-4218-9A08-E7DF54BE7036}.Release|Any CPU.Build.0 = Release|Any CPU
		{B1F307E5-60A1-4218-9A08-E7DF54BE7036}.Release|arm64.ActiveCfg = Release|Any CPU
		{B1F307E5-60A1-4218-9A08-E7DF54BE7036}.Release|arm64.Build.0 = Release|Any CPU
		{B1F307E5-60A1-4218-9A08-E7DF54BE7036}.Release|x86.ActiveCfg = Release|Any CPU
		{B1F307E5-60A1-4218-9A08-E7DF54BE7036}.Release|x86.Build.0 = Release|Any CPU
		{86F07DCF-F637-494D-8FC0-6D425AA0B321}.Debug|Any CPU.ActiveCfg = Debug|Any CPU
		{86F07DCF-F637-494D-8FC0-6D425AA0B321}.Debug|Any CPU.Build.0 = Debug|Any CPU
		{86F07DCF-F637-494D-8FC0-6D425AA0B321}.Debug|arm64.ActiveCfg = Debug|arm64
		{86F07DCF-F637-494D-8FC0-6D425AA0B321}.Debug|arm64.Build.0 = Debug|arm64
		{86F07DCF-F637-494D-8FC0-6D425AA0B321}.Debug|x86.ActiveCfg = Debug|x86
		{86F07DCF-F637-494D-8FC0-6D425AA0B321}.Debug|x86.Build.0 = Debug|x86
		{86F07DCF-F637-494D-8FC0-6D425AA0B321}.Release|Any CPU.ActiveCfg = Release|Any CPU
		{86F07DCF-F637-494D-8FC0-6D425AA0B321}.Release|Any CPU.Build.0 = Release|Any CPU
		{86F07DCF-F637-494D-8FC0-6D425AA0B321}.Release|arm64.ActiveCfg = Release|arm64
		{86F07DCF-F637-494D-8FC0-6D425AA0B321}.Release|arm64.Build.0 = Release|arm64
		{86F07DCF-F637-494D-8FC0-6D425AA0B321}.Release|x86.ActiveCfg = Release|x86
		{86F07DCF-F637-494D-8FC0-6D425AA0B321}.Release|x86.Build.0 = Release|x86
		{A33BFC09-C578-490D-A8EC-A40852D87E1B}.Debug|Any CPU.ActiveCfg = Debug|Any CPU
		{A33BFC09-C578-490D-A8EC-A40852D87E1B}.Debug|Any CPU.Build.0 = Debug|Any CPU
		{A33BFC09-C578-490D-A8EC-A40852D87E1B}.Debug|arm64.ActiveCfg = Debug|Any CPU
		{A33BFC09-C578-490D-A8EC-A40852D87E1B}.Debug|arm64.Build.0 = Debug|Any CPU
		{A33BFC09-C578-490D-A8EC-A40852D87E1B}.Debug|x86.ActiveCfg = Debug|Any CPU
		{A33BFC09-C578-490D-A8EC-A40852D87E1B}.Debug|x86.Build.0 = Debug|Any CPU
		{A33BFC09-C578-490D-A8EC-A40852D87E1B}.Release|Any CPU.ActiveCfg = Release|Any CPU
		{A33BFC09-C578-490D-A8EC-A40852D87E1B}.Release|Any CPU.Build.0 = Release|Any CPU
		{A33BFC09-C578-490D-A8EC-A40852D87E1B}.Release|arm64.ActiveCfg = Release|Any CPU
		{A33BFC09-C578-490D-A8EC-A40852D87E1B}.Release|arm64.Build.0 = Release|Any CPU
		{A33BFC09-C578-490D-A8EC-A40852D87E1B}.Release|x86.ActiveCfg = Release|Any CPU
		{A33BFC09-C578-490D-A8EC-A40852D87E1B}.Release|x86.Build.0 = Release|Any CPU
		{14C7D1B7-C981-4226-B625-A3D135195542}.Debug|Any CPU.ActiveCfg = Debug|Any CPU
		{14C7D1B7-C981-4226-B625-A3D135195542}.Debug|Any CPU.Build.0 = Debug|Any CPU
		{14C7D1B7-C981-4226-B625-A3D135195542}.Debug|arm64.ActiveCfg = Debug|Any CPU
		{14C7D1B7-C981-4226-B625-A3D135195542}.Debug|arm64.Build.0 = Debug|Any CPU
		{14C7D1B7-C981-4226-B625-A3D135195542}.Debug|x86.ActiveCfg = Debug|Any CPU
		{14C7D1B7-C981-4226-B625-A3D135195542}.Debug|x86.Build.0 = Debug|Any CPU
		{14C7D1B7-C981-4226-B625-A3D135195542}.Release|Any CPU.ActiveCfg = Release|Any CPU
		{14C7D1B7-C981-4226-B625-A3D135195542}.Release|Any CPU.Build.0 = Release|Any CPU
		{14C7D1B7-C981-4226-B625-A3D135195542}.Release|arm64.ActiveCfg = Release|Any CPU
		{14C7D1B7-C981-4226-B625-A3D135195542}.Release|arm64.Build.0 = Release|Any CPU
		{14C7D1B7-C981-4226-B625-A3D135195542}.Release|x86.ActiveCfg = Release|Any CPU
		{14C7D1B7-C981-4226-B625-A3D135195542}.Release|x86.Build.0 = Release|Any CPU
	EndGlobalSection
	GlobalSection(SolutionProperties) = preSolution
		HideSolutionNode = FALSE
	EndGlobalSection
	GlobalSection(ExtensibilityGlobals) = postSolution
		SolutionGuid = {1CFA3E86-6FB0-442E-A89A-BE72F508031D}
	EndGlobalSection
EndGlobal
